
Microsoft Visual Studio Solution File, Format Version 12.00
# Visual Studio Version 16
VisualStudioVersion = 16.0.31911.196
MinimumVisualStudioVersion = 10.0.40219.1
Project("{2150E333-8FDC-42A3-9474-1A3956D46DE8}") = "Services", "Services", "{B8E52B15-86CB-4678-95C5-C2A12AFE8F13}"
EndProject
Project("{2150E333-8FDC-42A3-9474-1A3956D46DE8}") = "Catalog", "Catalog", "{D9A1787E-F139-4354-AFE2-E14132A9E7B6}"
EndProject
Project("{9A19103F-16F7-4668-BE54-9A1E7A4F7556}") = "Catalog.API", "Services\Catalog\Catalog.API\Catalog.API.csproj", "{922C636B-A3F2-4EC1-9756-F73ED55D5534}"
EndProject
Project("{E53339B2-1760-4266-BCC7-CA923CBCF16C}") = "docker-compose", "docker-compose.dcproj", "{14548E5E-2E46-4F86-A98D-44713AE9C944}"
EndProject
Global
	GlobalSection(SolutionConfigurationPlatforms) = preSolution
		Debug|Any CPU = Debug|Any CPU
		Release|Any CPU = Release|Any CPU
	EndGlobalSection
	GlobalSection(ProjectConfigurationPlatforms) = postSolution
		{922C636B-A3F2-4EC1-9756-F73ED55D5534}.Debug|Any CPU.ActiveCfg = Debug|Any CPU
		{922C636B-A3F2-4EC1-9756-F73ED55D5534}.Debug|Any CPU.Build.0 = Debug|Any CPU
		{922C636B-A3F2-4EC1-9756-F73ED55D5534}.Release|Any CPU.ActiveCfg = Release|Any CPU
		{922C636B-A3F2-4EC1-9756-F73ED55D5534}.Release|Any CPU.Build.0 = Release|Any CPU
		{14548E5E-2E46-4F86-A98D-44713AE9C944}.Debug|Any CPU.ActiveCfg = Debug|Any CPU
		{14548E5E-2E46-4F86-A98D-44713AE9C944}.Debug|Any CPU.Build.0 = Debug|Any CPU
		{14548E5E-2E46-4F86-A98D-44713AE9C944}.Release|Any CPU.ActiveCfg = Release|Any CPU
		{14548E5E-2E46-4F86-A98D-44713AE9C944}.Release|Any CPU.Build.0 = Release|Any CPU
	EndGlobalSection
	GlobalSection(SolutionProperties) = preSolution
		HideSolutionNode = FALSE
	EndGlobalSection
	GlobalSection(NestedProjects) = preSolution
		{D9A1787E-F139-4354-AFE2-E14132A9E7B6} = {B8E52B15-86CB-4678-95C5-C2A12AFE8F13}
		{922C636B-A3F2-4EC1-9756-F73ED55D5534} = {D9A1787E-F139-4354-AFE2-E14132A9E7B6}
	EndGlobalSection
	GlobalSection(ExtensibilityGlobals) = postSolution
		SolutionGuid = {4CB3DE58-012F-425E-8E9C-A9FA5F9C41F9}
	EndGlobalSection
EndGlobal
