
Microsoft Visual Studio Solution File, Format Version 12.00
# Visual Studio Version 16
VisualStudioVersion = 16.0.31911.196
MinimumVisualStudioVersion = 10.0.40219.1
Project("{2150E333-8FDC-42A3-9474-1A3956D46DE8}") = "Services", "Services", "{B8E52B15-86CB-4678-95C5-C2A12AFE8F13}"
EndProject
Project("{2150E333-8FDC-42A3-9474-1A3956D46DE8}") = "Catalog", "Catalog", "{D9A1787E-F139-4354-AFE2-E14132A9E7B6}"
EndProject
Project("{9A19103F-16F7-4668-BE54-9A1E7A4F7556}") = "Catalog.API", "Services\Catalog\Catalog.API\Catalog.API.csproj", "{922C636B-A3F2-4EC1-9756-F73ED55D5534}"
EndProject
Project("{E53339B2-1760-4266-BCC7-CA923CBCF16C}") = "docker-compose", "docker-compose.dcproj", "{14548E5E-2E46-4F86-A98D-44713AE9C944}"
EndProject
Project("{2150E333-8FDC-42A3-9474-1A3956D46DE8}") = "Basket", "Basket", "{B5BFF923-C347-4708-BBAB-ACDD31B257C9}"
EndProject
Project("{9A19103F-16F7-4668-BE54-9A1E7A4F7556}") = "Basket.API", "Services\Basket\Basket.API\Basket.API.csproj", "{2752CE73-9255-4DD1-A95F-6C3D83723CA8}"
EndProject
Project("{2150E333-8FDC-42A3-9474-1A3956D46DE8}") = "Discount", "Discount", "{B15D4536-9A65-48F7-B6D0-871C335DB0B8}"
EndProject
Project("{9A19103F-16F7-4668-BE54-9A1E7A4F7556}") = "Discount.API", "Services\Discount\Discount.API\Discount.API.csproj", "{2CADA33A-CD17-4279-A598-F6C7FD5795A4}"
EndProject
Project("{9A19103F-16F7-4668-BE54-9A1E7A4F7556}") = "Discount.Grpc", "Services\Discount\Discount.Grpc\Discount.Grpc.csproj", "{5D0DC3D7-D497-4FD1-818D-07093067C4DA}"
EndProject
Project("{2150E333-8FDC-42A3-9474-1A3956D46DE8}") = "Ordering", "Ordering", "{6A4DE6F4-5685-40F0-B8D2-5CFC2545D0C9}"
EndProject
Project("{9A19103F-16F7-4668-BE54-9A1E7A4F7556}") = "Ordering.API", "Services\Ordering\Ordering.API\Ordering.API.csproj", "{EF7C9717-150C-4881-9D76-021F8C11289B}"
EndProject
Project("{9A19103F-16F7-4668-BE54-9A1E7A4F7556}") = "Ordering.Domain", "Services\Ordering\Ordering.Domain\Ordering.Domain.csproj", "{2E380601-3178-43C4-9D6D-88813F5D9C8E}"
EndProject
Project("{9A19103F-16F7-4668-BE54-9A1E7A4F7556}") = "Ordering.Application", "Services\Ordering\Ordering.Application\Ordering.Application.csproj", "{EFD63921-E6EE-4D17-84B8-E06C3321FB0E}"
EndProject
Project("{9A19103F-16F7-4668-BE54-9A1E7A4F7556}") = "Ordering.Infrastructure", "Services\Ordering\Ordering.Infrastructure\Ordering.Infrastructure.csproj", "{3BEEB46E-15AB-472A-9C4A-07E6898D00FF}"
EndProject
Project("{2150E333-8FDC-42A3-9474-1A3956D46DE8}") = "BuildingBlocks", "BuildingBlocks", "{93996671-923F-4830-9CA0-BD8962BA9317}"
EndProject
Project("{9A19103F-16F7-4668-BE54-9A1E7A4F7556}") = "EventBus.Messages", "BuildingBlocks\EventBus.Messages\EventBus.Messages.csproj", "{0E7EA476-5734-4BAE-979B-D390E5A6BADF}"
EndProject
Project("{2150E333-8FDC-42A3-9474-1A3956D46DE8}") = "ApiGateways", "ApiGateways", "{98FA3AF6-8018-46BF-8F9A-D5DC0B9216BA}"
EndProject
Project("{FAE04EC0-301F-11D3-BF4B-00C04F79EFBC}") = "OcelotApiGw", "ApiGateways\OcelotApiGw\OcelotApiGw.csproj", "{A8684141-A2D0-4731-80AD-FA0C2AD8D724}"
EndProject
Global
	GlobalSection(SolutionConfigurationPlatforms) = preSolution
		Debug|Any CPU = Debug|Any CPU
		Release|Any CPU = Release|Any CPU
	EndGlobalSection
	GlobalSection(ProjectConfigurationPlatforms) = postSolution
		{922C636B-A3F2-4EC1-9756-F73ED55D5534}.Debug|Any CPU.ActiveCfg = Debug|Any CPU
		{922C636B-A3F2-4EC1-9756-F73ED55D5534}.Debug|Any CPU.Build.0 = Debug|Any CPU
		{922C636B-A3F2-4EC1-9756-F73ED55D5534}.Release|Any CPU.ActiveCfg = Release|Any CPU
		{922C636B-A3F2-4EC1-9756-F73ED55D5534}.Release|Any CPU.Build.0 = Release|Any CPU
		{14548E5E-2E46-4F86-A98D-44713AE9C944}.Debug|Any CPU.ActiveCfg = Debug|Any CPU
		{14548E5E-2E46-4F86-A98D-44713AE9C944}.Debug|Any CPU.Build.0 = Debug|Any CPU
		{14548E5E-2E46-4F86-A98D-44713AE9C944}.Release|Any CPU.ActiveCfg = Release|Any CPU
		{14548E5E-2E46-4F86-A98D-44713AE9C944}.Release|Any CPU.Build.0 = Release|Any CPU
		{2752CE73-9255-4DD1-A95F-6C3D83723CA8}.Debug|Any CPU.ActiveCfg = Debug|Any CPU
		{2752CE73-9255-4DD1-A95F-6C3D83723CA8}.Debug|Any CPU.Build.0 = Debug|Any CPU
		{2752CE73-9255-4DD1-A95F-6C3D83723CA8}.Release|Any CPU.ActiveCfg = Release|Any CPU
		{2752CE73-9255-4DD1-A95F-6C3D83723CA8}.Release|Any CPU.Build.0 = Release|Any CPU
		{2CADA33A-CD17-4279-A598-F6C7FD5795A4}.Debug|Any CPU.ActiveCfg = Debug|Any CPU
		{2CADA33A-CD17-4279-A598-F6C7FD5795A4}.Debug|Any CPU.Build.0 = Debug|Any CPU
		{2CADA33A-CD17-4279-A598-F6C7FD5795A4}.Release|Any CPU.ActiveCfg = Release|Any CPU
		{2CADA33A-CD17-4279-A598-F6C7FD5795A4}.Release|Any CPU.Build.0 = Release|Any CPU
		{5D0DC3D7-D497-4FD1-818D-07093067C4DA}.Debug|Any CPU.ActiveCfg = Debug|Any CPU
		{5D0DC3D7-D497-4FD1-818D-07093067C4DA}.Debug|Any CPU.Build.0 = Debug|Any CPU
		{5D0DC3D7-D497-4FD1-818D-07093067C4DA}.Release|Any CPU.ActiveCfg = Release|Any CPU
		{5D0DC3D7-D497-4FD1-818D-07093067C4DA}.Release|Any CPU.Build.0 = Release|Any CPU
		{EF7C9717-150C-4881-9D76-021F8C11289B}.Debug|Any CPU.ActiveCfg = Debug|Any CPU
		{EF7C9717-150C-4881-9D76-021F8C11289B}.Debug|Any CPU.Build.0 = Debug|Any CPU
		{EF7C9717-150C-4881-9D76-021F8C11289B}.Release|Any CPU.ActiveCfg = Release|Any CPU
		{EF7C9717-150C-4881-9D76-021F8C11289B}.Release|Any CPU.Build.0 = Release|Any CPU
		{2E380601-3178-43C4-9D6D-88813F5D9C8E}.Debug|Any CPU.ActiveCfg = Debug|Any CPU
		{2E380601-3178-43C4-9D6D-88813F5D9C8E}.Debug|Any CPU.Build.0 = Debug|Any CPU
		{2E380601-3178-43C4-9D6D-88813F5D9C8E}.Release|Any CPU.ActiveCfg = Release|Any CPU
		{2E380601-3178-43C4-9D6D-88813F5D9C8E}.Release|Any CPU.Build.0 = Release|Any CPU
		{EFD63921-E6EE-4D17-84B8-E06C3321FB0E}.Debug|Any CPU.ActiveCfg = Debug|Any CPU
		{EFD63921-E6EE-4D17-84B8-E06C3321FB0E}.Debug|Any CPU.Build.0 = Debug|Any CPU
		{EFD63921-E6EE-4D17-84B8-E06C3321FB0E}.Release|Any CPU.ActiveCfg = Release|Any CPU
		{EFD63921-E6EE-4D17-84B8-E06C3321FB0E}.Release|Any CPU.Build.0 = Release|Any CPU
		{3BEEB46E-15AB-472A-9C4A-07E6898D00FF}.Debug|Any CPU.ActiveCfg = Debug|Any CPU
		{3BEEB46E-15AB-472A-9C4A-07E6898D00FF}.Debug|Any CPU.Build.0 = Debug|Any CPU
		{3BEEB46E-15AB-472A-9C4A-07E6898D00FF}.Release|Any CPU.ActiveCfg = Release|Any CPU
		{3BEEB46E-15AB-472A-9C4A-07E6898D00FF}.Release|Any CPU.Build.0 = Release|Any CPU
		{0E7EA476-5734-4BAE-979B-D390E5A6BADF}.Debug|Any CPU.ActiveCfg = Debug|Any CPU
		{0E7EA476-5734-4BAE-979B-D390E5A6BADF}.Debug|Any CPU.Build.0 = Debug|Any CPU
		{0E7EA476-5734-4BAE-979B-D390E5A6BADF}.Release|Any CPU.ActiveCfg = Release|Any CPU
		{0E7EA476-5734-4BAE-979B-D390E5A6BADF}.Release|Any CPU.Build.0 = Release|Any CPU
		{A8684141-A2D0-4731-80AD-FA0C2AD8D724}.Debug|Any CPU.ActiveCfg = Debug|Any CPU
		{A8684141-A2D0-4731-80AD-FA0C2AD8D724}.Debug|Any CPU.Build.0 = Debug|Any CPU
		{A8684141-A2D0-4731-80AD-FA0C2AD8D724}.Release|Any CPU.ActiveCfg = Release|Any CPU
		{A8684141-A2D0-4731-80AD-FA0C2AD8D724}.Release|Any CPU.Build.0 = Release|Any CPU
	EndGlobalSection
	GlobalSection(SolutionProperties) = preSolution
		HideSolutionNode = FALSE
	EndGlobalSection
	GlobalSection(NestedProjects) = preSolution
		{D9A1787E-F139-4354-AFE2-E14132A9E7B6} = {B8E52B15-86CB-4678-95C5-C2A12AFE8F13}
		{922C636B-A3F2-4EC1-9756-F73ED55D5534} = {D9A1787E-F139-4354-AFE2-E14132A9E7B6}
		{B5BFF923-C347-4708-BBAB-ACDD31B257C9} = {B8E52B15-86CB-4678-95C5-C2A12AFE8F13}
		{2752CE73-9255-4DD1-A95F-6C3D83723CA8} = {B5BFF923-C347-4708-BBAB-ACDD31B257C9}
		{B15D4536-9A65-48F7-B6D0-871C335DB0B8} = {B8E52B15-86CB-4678-95C5-C2A12AFE8F13}
		{2CADA33A-CD17-4279-A598-F6C7FD5795A4} = {B15D4536-9A65-48F7-B6D0-871C335DB0B8}
		{5D0DC3D7-D497-4FD1-818D-07093067C4DA} = {B15D4536-9A65-48F7-B6D0-871C335DB0B8}
		{6A4DE6F4-5685-40F0-B8D2-5CFC2545D0C9} = {B8E52B15-86CB-4678-95C5-C2A12AFE8F13}
		{EF7C9717-150C-4881-9D76-021F8C11289B} = {6A4DE6F4-5685-40F0-B8D2-5CFC2545D0C9}
		{2E380601-3178-43C4-9D6D-88813F5D9C8E} = {6A4DE6F4-5685-40F0-B8D2-5CFC2545D0C9}
		{EFD63921-E6EE-4D17-84B8-E06C3321FB0E} = {6A4DE6F4-5685-40F0-B8D2-5CFC2545D0C9}
		{3BEEB46E-15AB-472A-9C4A-07E6898D00FF} = {6A4DE6F4-5685-40F0-B8D2-5CFC2545D0C9}
		{0E7EA476-5734-4BAE-979B-D390E5A6BADF} = {93996671-923F-4830-9CA0-BD8962BA9317}
		{A8684141-A2D0-4731-80AD-FA0C2AD8D724} = {98FA3AF6-8018-46BF-8F9A-D5DC0B9216BA}
	EndGlobalSection
	GlobalSection(ExtensibilityGlobals) = postSolution
		SolutionGuid = {4CB3DE58-012F-425E-8E9C-A9FA5F9C41F9}
	EndGlobalSection
EndGlobal
